{
  "name": "node",
  "version": "1.0.0",
  "lockfileVersion": 1,
  "requires": true,
  "dependencies": {
    "@types/node": {
      "version": "16.4.6",
      "resolved": "http://172.26.59.72:4873/@types%2fnode/-/node-16.4.6.tgz",
      "integrity": "sha1-FzTRGd+o/t5WBtNa4Q+fychNiJs=",
      "dev": true
    },
    "bytes": {
      "version": "3.1.0",
      "resolved": "http://172.26.59.72:4873/bytes/-/bytes-3.1.0.tgz",
      "integrity": "sha1-9s95M6Ng4FiPqf3oVlHNx/gF0fY=",
      "dev": true
    },
    "call-bind": {
      "version": "1.0.2",
      "resolved": "http://172.26.59.72:4873/call-bind/-/call-bind-1.0.2.tgz",
      "integrity": "sha1-sdTonmiBGcPJqQOtMKuy9qkZvjw=",
      "dev": true,
      "requires": {
        "function-bind": "^1.1.1",
        "get-intrinsic": "^1.0.2"
      },
      "dependencies": {
        "function-bind": {
          "version": "1.1.1",
          "resolved": "http://172.26.59.72:4873/function-bind/-/function-bind-1.1.1.tgz",
          "integrity": "sha1-pWiZ0+o8m6uHS7l3O3xe3pL0iV0=",
          "dev": true
        },
        "get-intrinsic": {
          "version": "1.1.1",
          "resolved": "http://172.26.59.72:4873/get-intrinsic/-/get-intrinsic-1.1.1.tgz",
          "integrity": "sha1-FfWfN2+FXERpY5SPDSTNNje0q8Y=",
          "dev": true,
          "requires": {
            "function-bind": "^1.1.1",
            "has": "^1.0.3",
            "has-symbols": "^1.0.1"
          }
        },
        "has": {
          "version": "1.0.3",
          "resolved": "http://172.26.59.72:4873/has/-/has-1.0.3.tgz",
          "integrity": "sha1-ci18v8H2qoJB8W3YFOAR4fQeh5Y=",
          "dev": true,
          "requires": {
            "function-bind": "^1.1.1"
          }
        },
        "has-symbols": {
          "version": "1.0.2",
          "resolved": "http://172.26.59.72:4873/has-symbols/-/has-symbols-1.0.2.tgz",
          "integrity": "sha1-Fl0wcMADCXUqEjakeTMeOsVvFCM=",
          "dev": true
        }
      }
    },
    "co-body": {
      "version": "5.2.0",
      "resolved": "http://172.26.59.72:4873/co-body/-/co-body-5.2.0.tgz",
      "integrity": "sha1-WgpljEYCkTHg46MG9nZHMC9xwSQ=",
      "dev": true,
      "requires": {
        "inflation": "^2.0.0",
        "qs": "^6.4.0",
        "raw-body": "^2.2.0",
        "type-is": "^1.6.14"
      },
      "dependencies": {
        "depd": {
          "version": "1.1.2",
          "resolved": "http://172.26.59.72:4873/depd/-/depd-1.1.2.tgz",
          "integrity": "sha1-m81S4UwJd2PnSbJ0xDRu0uVgtak=",
          "dev": true
        },
        "http-errors": {
          "version": "1.7.3",
          "resolved": "http://172.26.59.72:4873/http-errors/-/http-errors-1.7.3.tgz",
          "integrity": "sha1-bGGeT5xgMIw4UZSYwU+7EKrOuwY=",
          "dev": true,
          "requires": {
            "depd": "~1.1.2",
            "inherits": "2.0.4",
            "setprototypeof": "1.1.1",
            "statuses": ">= 1.5.0 < 2",
            "toidentifier": "1.0.0"
          }
        },
        "inflation": {
          "version": "2.0.0",
          "resolved": "http://172.26.59.72:4873/inflation/-/inflation-2.0.0.tgz",
          "integrity": "sha1-i0F+R8KPklpFEz2RTKH9OJEH8w8=",
          "dev": true
        },
        "inherits": {
          "version": "2.0.4",
          "resolved": "http://172.26.59.72:4873/inherits/-/inherits-2.0.4.tgz",
          "integrity": "sha1-D6LGT5MpF8NDOg3tVTY6rjdBa3w=",
          "dev": true
        },
        "mime-db": {
          "version": "1.49.0",
          "resolved": "http://172.26.59.72:4873/mime-db/-/mime-db-1.49.0.tgz",
          "integrity": "sha1-89/eYMmenPO8lwHWh3ePU3ABy+0=",
          "dev": true
        },
        "mime-types": {
          "version": "2.1.32",
          "resolved": "http://172.26.59.72:4873/mime-types/-/mime-types-2.1.32.tgz",
          "integrity": "sha1-HQDonn3n/gIAjbYQAdngKFJnD9U=",
          "dev": true,
          "requires": {
            "mime-db": "1.49.0"
          }
        },
        "qs": {
          "version": "6.10.1",
          "resolved": "http://172.26.59.72:4873/qs/-/qs-6.10.1.tgz",
          "integrity": "sha1-STFIL6jWR6Wqt5nFJx0hM7mB+2o=",
          "dev": true,
          "requires": {
            "side-channel": "^1.0.4"
          }
        },
        "raw-body": {
          "version": "2.4.1",
          "resolved": "http://172.26.59.72:4873/raw-body/-/raw-body-2.4.1.tgz",
          "integrity": "sha1-MKyC+Yu1rowVLmcUnayNVRU7Fow=",
          "dev": true,
          "requires": {
            "bytes": "3.1.0",
            "http-errors": "1.7.3",
            "iconv-lite": "0.4.24",
            "unpipe": "1.0.0"
          }
        },
        "setprototypeof": {
          "version": "1.1.1",
          "resolved": "http://172.26.59.72:4873/setprototypeof/-/setprototypeof-1.1.1.tgz",
          "integrity": "sha1-fpWsskqpL1iF4KvvW6ExMw1K5oM=",
          "dev": true
        },
        "statuses": {
          "version": "1.5.0",
          "resolved": "http://172.26.59.72:4873/statuses/-/statuses-1.5.0.tgz",
          "integrity": "sha1-Fhx9rBd2Wf2YEfQ3cfqZOBR4Yow=",
          "dev": true
        },
        "toidentifier": {
          "version": "1.0.0",
          "resolved": "http://172.26.59.72:4873/toidentifier/-/toidentifier-1.0.0.tgz",
          "integrity": "sha1-fhvjRw8ed5SLxD2Uo8j013UrpVM=",
          "dev": true
        },
        "type-is": {
          "version": "1.6.18",
          "resolved": "http://172.26.59.72:4873/type-is/-/type-is-1.6.18.tgz",
          "integrity": "sha1-TlUs0F3wlGfcvE73Od6J8s83wTE=",
          "dev": true,
          "requires": {
            "media-typer": "0.3.0",
            "mime-types": "~2.1.24"
          }
        }
      }
    },
    "iconv-lite": {
      "version": "0.4.24",
      "resolved": "http://172.26.59.72:4873/iconv-lite/-/iconv-lite-0.4.24.tgz",
      "integrity": "sha1-ICK0sl+93CHS9SSXSkdKr+czkIs=",
      "dev": true,
      "requires": {
        "safer-buffer": ">= 2.1.2 < 3"
      },
      "dependencies": {
        "safer-buffer": {
          "version": "2.1.2",
          "resolved": "http://172.26.59.72:4873/safer-buffer/-/safer-buffer-2.1.2.tgz",
          "integrity": "sha1-RPoWGwGHuVSd2Eu5GAL5vYOFzWo=",
          "dev": true
        }
      }
    },
    "koa-body": {
      "version": "4.2.0",
      "resolved": "http://172.26.59.72:4873/koa-body/-/koa-body-4.2.0.tgz",
      "integrity": "sha1-NyKSCLggdhrKWCLRTF/FXO4xsm8=",
      "dev": true,
      "requires": {
        "@types/formidable": "^1.0.31",
        "co-body": "^5.1.1",
        "formidable": "^1.1.1"
      },
      "dependencies": {
        "@types/formidable": {
          "version": "1.2.3",
          "resolved": "http://172.26.59.72:4873/@types%2fformidable/-/formidable-1.2.3.tgz",
          "integrity": "sha1-me5f1Or7qpVEjItnDl6OOJ8q84A=",
          "dev": true,
          "requires": {
            "@types/node": "*"
          }
        },
        "formidable": {
          "version": "1.2.2",
          "resolved": "http://172.26.59.72:4873/formidable/-/formidable-1.2.2.tgz",
          "integrity": "sha1-v2muopcpgmdfAIZTQrmCmG9rjdk=",
          "dev": true
        }
      }
    },
    "media-typer": {
      "version": "0.3.0",
      "resolved": "http://172.26.59.72:4873/media-typer/-/media-typer-0.3.0.tgz",
      "integrity": "sha1-hxDXrwqmJvj/+hzgAWhUUmMlV0g=",
      "dev": true
    },
    "object-inspect": {
      "version": "1.11.0",
      "resolved": "http://172.26.59.72:4873/object-inspect/-/object-inspect-1.11.0.tgz",
      "integrity": "sha1-nc6xRs7dQUig2eUauI00z1CZIrE=",
      "dev": true
    },
    "side-channel": {
      "version": "1.0.4",
      "resolved": "http://172.26.59.72:4873/side-channel/-/side-channel-1.0.4.tgz",
      "integrity": "sha1-785cj9wQTudRslxY1CkAEfpeos8=",
      "dev": true,
      "requires": {
        "call-bind": "^1.0.0",
        "get-intrinsic": "^1.0.2",
        "object-inspect": "^1.9.0"
      },
      "dependencies": {
        "function-bind": {
          "version": "1.1.1",
          "resolved": "http://172.26.59.72:4873/function-bind/-/function-bind-1.1.1.tgz",
          "integrity": "sha1-pWiZ0+o8m6uHS7l3O3xe3pL0iV0=",
          "dev": true
        },
        "get-intrinsic": {
          "version": "1.1.1",
          "resolved": "http://172.26.59.72:4873/get-intrinsic/-/get-intrinsic-1.1.1.tgz",
          "integrity": "sha1-FfWfN2+FXERpY5SPDSTNNje0q8Y=",
          "dev": true,
          "requires": {
            "function-bind": "^1.1.1",
            "has": "^1.0.3",
            "has-symbols": "^1.0.1"
          }
        },
        "has": {
          "version": "1.0.3",
          "resolved": "http://172.26.59.72:4873/has/-/has-1.0.3.tgz",
          "integrity": "sha1-ci18v8H2qoJB8W3YFOAR4fQeh5Y=",
          "dev": true,
          "requires": {
            "function-bind": "^1.1.1"
          }
        },
        "has-symbols": {
          "version": "1.0.2",
          "resolved": "http://172.26.59.72:4873/has-symbols/-/has-symbols-1.0.2.tgz",
          "integrity": "sha1-Fl0wcMADCXUqEjakeTMeOsVvFCM=",
          "dev": true
        }
      }
    },
    "unpipe": {
      "version": "1.0.0",
      "resolved": "http://172.26.59.72:4873/unpipe/-/unpipe-1.0.0.tgz",
      "integrity": "sha1-sr9O6FFKrmFltIF4KdIbLvSZBOw=",
      "dev": true
    }
  }
}
